
Microsoft Visual Studio Solution File, Format Version 12.00
# Visual Studio Version 16
VisualStudioVersion = 16.0.31729.503
MinimumVisualStudioVersion = 10.0.40219.1
Project("{FAE04EC0-301F-11D3-BF4B-00C04F79EFBC}") = "MargeSortProblem", "MargeSortProblem\MargeSortProblem.csproj", "{BA99FCCA-15D8-425D-8A91-751ADFFBADE9}"
EndProject
Global
	GlobalSection(SolutionConfigurationPlatforms) = preSolution
		Debug|Any CPU = Debug|Any CPU
		Release|Any CPU = Release|Any CPU
	EndGlobalSection
	GlobalSection(ProjectConfigurationPlatforms) = postSolution
		{BA99FCCA-15D8-425D-8A91-751ADFFBADE9}.Debug|Any CPU.ActiveCfg = Debug|Any CPU
		{BA99FCCA-15D8-425D-8A91-751ADFFBADE9}.Debug|Any CPU.Build.0 = Debug|Any CPU
		{BA99FCCA-15D8-425D-8A91-751ADFFBADE9}.Release|Any CPU.ActiveCfg = Release|Any CPU
		{BA99FCCA-15D8-425D-8A91-751ADFFBADE9}.Release|Any CPU.Build.0 = Release|Any CPU
	EndGlobalSection
	GlobalSection(SolutionProperties) = preSolution
		HideSolutionNode = FALSE
	EndGlobalSection
	GlobalSection(ExtensibilityGlobals) = postSolution
		SolutionGuid = {CAD70929-BC12-4794-8589-90CB7169BD83}
	EndGlobalSection
EndGlobal
